
Microsoft Visual Studio Solution File, Format Version 12.00
# Visual Studio 14
VisualStudioVersion = 14.0.25420.1
MinimumVisualStudioVersion = 10.0.40219.1
Project("{FAE04EC0-301F-11D3-BF4B-00C04F79EFBC}") = "NoesisGUI.MonoGameWrapper", "NoesisGUI.MonoGameWrapper\NoesisGUI.MonoGameWrapper.csproj", "{7B629986-9BCF-48F4-AACA-6AA872154C81}"
EndProject
Project("{2150E333-8FDC-42A3-9474-1A3956D46DE8}") = "NoesisGUI", "NoesisGUI", "{08FA6C40-973C-4076-A11E-866FE51282EE}"
EndProject
Project("{FAE04EC0-301F-11D3-BF4B-00C04F79EFBC}") = "TestMonoGameNoesisGUI", "TestMonoGameNoesisGUI\TestMonoGameNoesisGUI.csproj", "{24AC8B94-0651-4FC7-956A-F05F2E664C69}"
EndProject
Project("{FAE04EC0-301F-11D3-BF4B-00C04F79EFBC}") = "NoesisManaged", "NoesisGUI-CSharpSDK\Src\NoesisManaged\NoesisManaged.csproj", "{324797A8-3464-4290-A307-2AB238BACCA3}"
EndProject
Global
	GlobalSection(SolutionConfigurationPlatforms) = preSolution
		Debug|Any CPU = Debug|Any CPU
		Debug|x86 = Debug|x86
		Release|Any CPU = Release|Any CPU
		Release|x86 = Release|x86
	EndGlobalSection
	GlobalSection(ProjectConfigurationPlatforms) = postSolution
		{7B629986-9BCF-48F4-AACA-6AA872154C81}.Debug|Any CPU.ActiveCfg = Debug|Any CPU
		{7B629986-9BCF-48F4-AACA-6AA872154C81}.Debug|Any CPU.Build.0 = Debug|Any CPU
		{7B629986-9BCF-48F4-AACA-6AA872154C81}.Debug|x86.ActiveCfg = Debug|Any CPU
		{7B629986-9BCF-48F4-AACA-6AA872154C81}.Debug|x86.Build.0 = Debug|Any CPU
		{7B629986-9BCF-48F4-AACA-6AA872154C81}.Release|Any CPU.ActiveCfg = Release|Any CPU
		{7B629986-9BCF-48F4-AACA-6AA872154C81}.Release|Any CPU.Build.0 = Release|Any CPU
		{7B629986-9BCF-48F4-AACA-6AA872154C81}.Release|x86.ActiveCfg = Release|Any CPU
		{7B629986-9BCF-48F4-AACA-6AA872154C81}.Release|x86.Build.0 = Release|Any CPU
		{24AC8B94-0651-4FC7-956A-F05F2E664C69}.Debug|Any CPU.ActiveCfg = Debug|x86
		{24AC8B94-0651-4FC7-956A-F05F2E664C69}.Debug|Any CPU.Build.0 = Debug|x86
		{24AC8B94-0651-4FC7-956A-F05F2E664C69}.Debug|x86.ActiveCfg = Debug|x86
		{24AC8B94-0651-4FC7-956A-F05F2E664C69}.Debug|x86.Build.0 = Debug|x86
		{24AC8B94-0651-4FC7-956A-F05F2E664C69}.Release|Any CPU.ActiveCfg = Release|x86
		{24AC8B94-0651-4FC7-956A-F05F2E664C69}.Release|x86.ActiveCfg = Release|x86
		{24AC8B94-0651-4FC7-956A-F05F2E664C69}.Release|x86.Build.0 = Release|x86
		{324797A8-3464-4290-A307-2AB238BACCA3}.Debug|Any CPU.ActiveCfg = Debug|Any CPU
		{324797A8-3464-4290-A307-2AB238BACCA3}.Debug|Any CPU.Build.0 = Debug|Any CPU
		{324797A8-3464-4290-A307-2AB238BACCA3}.Debug|x86.ActiveCfg = Debug|Any CPU
		{324797A8-3464-4290-A307-2AB238BACCA3}.Debug|x86.Build.0 = Debug|Any CPU
		{324797A8-3464-4290-A307-2AB238BACCA3}.Release|Any CPU.ActiveCfg = Release|Any CPU
		{324797A8-3464-4290-A307-2AB238BACCA3}.Release|Any CPU.Build.0 = Release|Any CPU
		{324797A8-3464-4290-A307-2AB238BACCA3}.Release|x86.ActiveCfg = Release|Any CPU
		{324797A8-3464-4290-A307-2AB238BACCA3}.Release|x86.Build.0 = Release|Any CPU
	EndGlobalSection
	GlobalSection(SolutionProperties) = preSolution
		HideSolutionNode = FALSE
	EndGlobalSection
	GlobalSection(NestedProjects) = preSolution
		{324797A8-3464-4290-A307-2AB238BACCA3} = {08FA6C40-973C-4076-A11E-866FE51282EE}
	EndGlobalSection
EndGlobal
